// !$*UTF8*$!
{
	archiveVersion = 1;
	classes = {
	};
	objectVersion = 56;
	objects = {

/* Begin PBXBuildFile section */
		E11BB05829EA6B3C00726B88 /* SceneDelegate.swift in Sources */ = {isa = PBXBuildFile; fileRef = E11BB05729EA6B3C00726B88 /* SceneDelegate.swift */; };
		E11BB05A29EA6B3C00726B88 /* MainTabBarViewController.swift in Sources */ = {isa = PBXBuildFile; fileRef = E11BB05929EA6B3C00726B88 /* MainTabBarViewController.swift */; };
		E11BB05F29EA6B4000726B88 /* Assets.xcassets in Resources */ = {isa = PBXBuildFile; fileRef = E11BB05E29EA6B4000726B88 /* Assets.xcassets */; };
		E11BB06229EA6B4000726B88 /* LaunchScreen.storyboard in Resources */ = {isa = PBXBuildFile; fileRef = E11BB06029EA6B4000726B88 /* LaunchScreen.storyboard */; };
		E11BB06B29EA6FA000726B88 /* HomeViewController.swift in Sources */ = {isa = PBXBuildFile; fileRef = E11BB06A29EA6FA000726B88 /* HomeViewController.swift */; };
		E11BB06D29EA6FF000726B88 /* UpComingViewController.swift in Sources */ = {isa = PBXBuildFile; fileRef = E11BB06C29EA6FF000726B88 /* UpComingViewController.swift */; };
		E11BB06F29EA701600726B88 /* SearchViewController.swift in Sources */ = {isa = PBXBuildFile; fileRef = E11BB06E29EA701600726B88 /* SearchViewController.swift */; };
		E11BB07129EA702500726B88 /* DownloadsViewController.swift in Sources */ = {isa = PBXBuildFile; fileRef = E11BB07029EA702500726B88 /* DownloadsViewController.swift */; };
		E1219EF829EAA31E00165944 /* CollectionViewTableViewCell.swift in Sources */ = {isa = PBXBuildFile; fileRef = E1219EF729EAA31E00165944 /* CollectionViewTableViewCell.swift */; };
		E15DDF9629EECFD500A6D0A1 /* HeroHeaderUIView.swift in Sources */ = {isa = PBXBuildFile; fileRef = E15DDF9529EECFD500A6D0A1 /* HeroHeaderUIView.swift */; };
		E1D9830729FE8D8C00CBBA64 /* SDWebImage in Frameworks */ = {isa = PBXBuildFile; productRef = E1D9830629FE8D8C00CBBA64 /* SDWebImage */; };
		E1D9830929FE8D8C00CBBA64 /* SDWebImageMapKit in Frameworks */ = {isa = PBXBuildFile; productRef = E1D9830829FE8D8C00CBBA64 /* SDWebImageMapKit */; };
		E1D9830B2A021AA900CBBA64 /* TitleTableViewCell.swift in Sources */ = {isa = PBXBuildFile; fileRef = E1D9830A2A021AA900CBBA64 /* TitleTableViewCell.swift */; };
		E1D9830D2A02211300CBBA64 /* TitleViewModel.swift in Sources */ = {isa = PBXBuildFile; fileRef = E1D9830C2A02211300CBBA64 /* TitleViewModel.swift */; };
		E1D9830F2A093E1200CBBA64 /* SearchResultsViewController.swift in Sources */ = {isa = PBXBuildFile; fileRef = E1D9830E2A093E1200CBBA64 /* SearchResultsViewController.swift */; };
		E1D983132A0C811F00CBBA64 /* YoutubeSearchResponse.swift in Sources */ = {isa = PBXBuildFile; fileRef = E1D983122A0C811F00CBBA64 /* YoutubeSearchResponse.swift */; };
		E1D983152A0C875700CBBA64 /* TitlePreviewViewController.swift in Sources */ = {isa = PBXBuildFile; fileRef = E1D983142A0C875700CBBA64 /* TitlePreviewViewController.swift */; };
		E1D983172A0C8E3700CBBA64 /* TitlePreviewViewModel.swift in Sources */ = {isa = PBXBuildFile; fileRef = E1D983162A0C8E3700CBBA64 /* TitlePreviewViewModel.swift */; };
		E1D9833C2A0CA99B00CBBA64 /* AppDelegate.swift in Sources */ = {isa = PBXBuildFile; fileRef = E1D9833B2A0CA99B00CBBA64 /* AppDelegate.swift */; };
		E1D9833F2A0CAA4600CBBA64 /* NetflixCloneModel.xcdatamodeld in Sources */ = {isa = PBXBuildFile; fileRef = E1D9833D2A0CAA4600CBBA64 /* NetflixCloneModel.xcdatamodeld */; };
		E1D983412A0CABD000CBBA64 /* DataPersistenceManager.swift in Sources */ = {isa = PBXBuildFile; fileRef = E1D983402A0CABD000CBBA64 /* DataPersistenceManager.swift */; };
		E1E24D2A29F030A800740BE6 /* ApiCaller.swift in Sources */ = {isa = PBXBuildFile; fileRef = E1E24D2929F030A800740BE6 /* ApiCaller.swift */; };
		E1E24D2C29F033C700740BE6 /* Title.swift in Sources */ = {isa = PBXBuildFile; fileRef = E1E24D2B29F033C700740BE6 /* Title.swift */; };
		E1E24D2E29F03C0800740BE6 /* Extension.swift in Sources */ = {isa = PBXBuildFile; fileRef = E1E24D2D29F03C0800740BE6 /* Extension.swift */; };
		E1E24D3329F041CD00740BE6 /* TitleCollectionViewCell.swift in Sources */ = {isa = PBXBuildFile; fileRef = E1E24D3229F041CD00740BE6 /* TitleCollectionViewCell.swift */; };
/* End PBXBuildFile section */

/* Begin PBXFileReference section */
		E11BB05229EA6B3C00726B88 /* NetFlix.app */ = {isa = PBXFileReference; explicitFileType = wrapper.application; includeInIndex = 0; path = NetFlix.app; sourceTree = BUILT_PRODUCTS_DIR; };
		E11BB05729EA6B3C00726B88 /* SceneDelegate.swift */ = {isa = PBXFileReference; lastKnownFileType = sourcecode.swift; path = SceneDelegate.swift; sourceTree = "<group>"; };
		E11BB05929EA6B3C00726B88 /* MainTabBarViewController.swift */ = {isa = PBXFileReference; lastKnownFileType = sourcecode.swift; path = MainTabBarViewController.swift; sourceTree = "<group>"; };
		E11BB05E29EA6B4000726B88 /* Assets.xcassets */ = {isa = PBXFileReference; lastKnownFileType = folder.assetcatalog; path = Assets.xcassets; sourceTree = "<group>"; };
		E11BB06129EA6B4000726B88 /* Base */ = {isa = PBXFileReference; lastKnownFileType = file.storyboard; name = Base; path = Base.lproj/LaunchScreen.storyboard; sourceTree = "<group>"; };
		E11BB06329EA6B4000726B88 /* Info.plist */ = {isa = PBXFileReference; lastKnownFileType = text.plist.xml; path = Info.plist; sourceTree = "<group>"; };
		E11BB06A29EA6FA000726B88 /* HomeViewController.swift */ = {isa = PBXFileReference; lastKnownFileType = sourcecode.swift; path = HomeViewController.swift; sourceTree = "<group>"; };
		E11BB06C29EA6FF000726B88 /* UpComingViewController.swift */ = {isa = PBXFileReference; lastKnownFileType = sourcecode.swift; path = UpComingViewController.swift; sourceTree = "<group>"; };
		E11BB06E29EA701600726B88 /* SearchViewController.swift */ = {isa = PBXFileReference; lastKnownFileType = sourcecode.swift; path = SearchViewController.swift; sourceTree = "<group>"; };
		E11BB07029EA702500726B88 /* DownloadsViewController.swift */ = {isa = PBXFileReference; lastKnownFileType = sourcecode.swift; path = DownloadsViewController.swift; sourceTree = "<group>"; };
		E1219EF729EAA31E00165944 /* CollectionViewTableViewCell.swift */ = {isa = PBXFileReference; lastKnownFileType = sourcecode.swift; path = CollectionViewTableViewCell.swift; sourceTree = "<group>"; };
		E15DDF9529EECFD500A6D0A1 /* HeroHeaderUIView.swift */ = {isa = PBXFileReference; lastKnownFileType = sourcecode.swift; path = HeroHeaderUIView.swift; sourceTree = "<group>"; };
		E1D9830A2A021AA900CBBA64 /* TitleTableViewCell.swift */ = {isa = PBXFileReference; lastKnownFileType = sourcecode.swift; path = TitleTableViewCell.swift; sourceTree = "<group>"; };
		E1D9830C2A02211300CBBA64 /* TitleViewModel.swift */ = {isa = PBXFileReference; lastKnownFileType = sourcecode.swift; path = TitleViewModel.swift; sourceTree = "<group>"; };
		E1D9830E2A093E1200CBBA64 /* SearchResultsViewController.swift */ = {isa = PBXFileReference; lastKnownFileType = sourcecode.swift; path = SearchResultsViewController.swift; sourceTree = "<group>"; };
		E1D983122A0C811F00CBBA64 /* YoutubeSearchResponse.swift */ = {isa = PBXFileReference; lastKnownFileType = sourcecode.swift; path = YoutubeSearchResponse.swift; sourceTree = "<group>"; };
		E1D983142A0C875700CBBA64 /* TitlePreviewViewController.swift */ = {isa = PBXFileReference; lastKnownFileType = sourcecode.swift; path = TitlePreviewViewController.swift; sourceTree = "<group>"; };
		E1D983162A0C8E3700CBBA64 /* TitlePreviewViewModel.swift */ = {isa = PBXFileReference; lastKnownFileType = sourcecode.swift; path = TitlePreviewViewModel.swift; sourceTree = "<group>"; };
		E1D9833B2A0CA99B00CBBA64 /* AppDelegate.swift */ = {isa = PBXFileReference; lastKnownFileType = sourcecode.swift; path = AppDelegate.swift; sourceTree = "<group>"; };
		E1D9833E2A0CAA4600CBBA64 /* NetflixCloneModel.xcdatamodel */ = {isa = PBXFileReference; lastKnownFileType = wrapper.xcdatamodel; path = NetflixCloneModel.xcdatamodel; sourceTree = "<group>"; };
		E1D983402A0CABD000CBBA64 /* DataPersistenceManager.swift */ = {isa = PBXFileReference; lastKnownFileType = sourcecode.swift; path = DataPersistenceManager.swift; sourceTree = "<group>"; };
		E1E24D2929F030A800740BE6 /* ApiCaller.swift */ = {isa = PBXFileReference; lastKnownFileType = sourcecode.swift; path = ApiCaller.swift; sourceTree = "<group>"; };
		E1E24D2B29F033C700740BE6 /* Title.swift */ = {isa = PBXFileReference; lastKnownFileType = sourcecode.swift; path = Title.swift; sourceTree = "<group>"; };
		E1E24D2D29F03C0800740BE6 /* Extension.swift */ = {isa = PBXFileReference; lastKnownFileType = sourcecode.swift; path = Extension.swift; sourceTree = "<group>"; };
		E1E24D3229F041CD00740BE6 /* TitleCollectionViewCell.swift */ = {isa = PBXFileReference; lastKnownFileType = sourcecode.swift; path = TitleCollectionViewCell.swift; sourceTree = "<group>"; };
/* End PBXFileReference section */

/* Begin PBXFrameworksBuildPhase section */
		E11BB04F29EA6B3C00726B88 /* Frameworks */ = {
			isa = PBXFrameworksBuildPhase;
			buildActionMask = 2147483647;
			files = (
				E1D9830929FE8D8C00CBBA64 /* SDWebImageMapKit in Frameworks */,
				E1D9830729FE8D8C00CBBA64 /* SDWebImage in Frameworks */,
			);
			runOnlyForDeploymentPostprocessing = 0;
		};
/* End PBXFrameworksBuildPhase section */

/* Begin PBXGroup section */
		E11BB04929EA6B3C00726B88 = {
			isa = PBXGroup;
			children = (
				E11BB05429EA6B3C00726B88 /* NetFlix */,
				E11BB05329EA6B3C00726B88 /* Products */,
			);
			sourceTree = "<group>";
		};
		E11BB05329EA6B3C00726B88 /* Products */ = {
			isa = PBXGroup;
			children = (
				E11BB05229EA6B3C00726B88 /* NetFlix.app */,
			);
			name = Products;
			sourceTree = "<group>";
		};
		E11BB05429EA6B3C00726B88 /* NetFlix */ = {
			isa = PBXGroup;
			children = (
				E1219EF629EAA2C100165944 /* Managers */,
				E1219EF529EAA29E00165944 /* Resources */,
				E1219EF429EAA27F00165944 /* ViewModels */,
				E1219EF229EAA25C00165944 /* Models */,
				E1219EF329EAA26900165944 /* Views */,
				E11BB06929EA6F5E00726B88 /* Controllers */,
				E11BB05E29EA6B4000726B88 /* Assets.xcassets */,
				E11BB06029EA6B4000726B88 /* LaunchScreen.storyboard */,
				E11BB06329EA6B4000726B88 /* Info.plist */,
				E1D9833D2A0CAA4600CBBA64 /* NetflixCloneModel.xcdatamodeld */,
			);
			path = NetFlix;
			sourceTree = "<group>";
		};
		E11BB06929EA6F5E00726B88 /* Controllers */ = {
			isa = PBXGroup;
			children = (
				E1D983112A093EC700CBBA64 /* General */,
				E1D983102A093E7F00CBBA64 /* Core */,
			);
			path = Controllers;
			sourceTree = "<group>";
		};
		E1219EF229EAA25C00165944 /* Models */ = {
			isa = PBXGroup;
			children = (
				E1E24D2B29F033C700740BE6 /* Title.swift */,
				E1D983122A0C811F00CBBA64 /* YoutubeSearchResponse.swift */,
			);
			path = Models;
			sourceTree = "<group>";
		};
		E1219EF329EAA26900165944 /* Views */ = {
			isa = PBXGroup;
			children = (
				E1219EF729EAA31E00165944 /* CollectionViewTableViewCell.swift */,
				E15DDF9529EECFD500A6D0A1 /* HeroHeaderUIView.swift */,
				E1E24D3229F041CD00740BE6 /* TitleCollectionViewCell.swift */,
				E1D9830A2A021AA900CBBA64 /* TitleTableViewCell.swift */,
			);
			path = Views;
			sourceTree = "<group>";
		};
		E1219EF429EAA27F00165944 /* ViewModels */ = {
			isa = PBXGroup;
			children = (
				E1D9830C2A02211300CBBA64 /* TitleViewModel.swift */,
				E1D983162A0C8E3700CBBA64 /* TitlePreviewViewModel.swift */,
			);
			path = ViewModels;
			sourceTree = "<group>";
		};
		E1219EF529EAA29E00165944 /* Resources */ = {
			isa = PBXGroup;
			children = (
				E11BB05729EA6B3C00726B88 /* SceneDelegate.swift */,
				E1E24D2D29F03C0800740BE6 /* Extension.swift */,
				E1D9833B2A0CA99B00CBBA64 /* AppDelegate.swift */,
			);
			path = Resources;
			sourceTree = "<group>";
		};
		E1219EF629EAA2C100165944 /* Managers */ = {
			isa = PBXGroup;
			children = (
				E1E24D2929F030A800740BE6 /* ApiCaller.swift */,
				E1D983402A0CABD000CBBA64 /* DataPersistenceManager.swift */,
			);
			path = Managers;
			sourceTree = "<group>";
		};
		E1D983102A093E7F00CBBA64 /* Core */ = {
			isa = PBXGroup;
			children = (
				E11BB05929EA6B3C00726B88 /* MainTabBarViewController.swift */,
				E11BB06A29EA6FA000726B88 /* HomeViewController.swift */,
				E11BB06C29EA6FF000726B88 /* UpComingViewController.swift */,
				E11BB06E29EA701600726B88 /* SearchViewController.swift */,
				E11BB07029EA702500726B88 /* DownloadsViewController.swift */,
			);
			path = Core;
			sourceTree = "<group>";
		};
		E1D983112A093EC700CBBA64 /* General */ = {
			isa = PBXGroup;
			children = (
				E1D983142A0C875700CBBA64 /* TitlePreviewViewController.swift */,
				E1D9830E2A093E1200CBBA64 /* SearchResultsViewController.swift */,
			);
			path = General;
			sourceTree = "<group>";
		};
/* End PBXGroup section */

/* Begin PBXNativeTarget section */
		E11BB05129EA6B3C00726B88 /* NetFlix */ = {
			isa = PBXNativeTarget;
			buildConfigurationList = E11BB06629EA6B4000726B88 /* Build configuration list for PBXNativeTarget "NetFlix" */;
			buildPhases = (
				E11BB04E29EA6B3C00726B88 /* Sources */,
				E11BB04F29EA6B3C00726B88 /* Frameworks */,
				E11BB05029EA6B3C00726B88 /* Resources */,
			);
			buildRules = (
			);
			dependencies = (
			);
			name = NetFlix;
			packageProductDependencies = (
				E1D9830629FE8D8C00CBBA64 /* SDWebImage */,
				E1D9830829FE8D8C00CBBA64 /* SDWebImageMapKit */,
			);
			productName = NetFlix;
			productReference = E11BB05229EA6B3C00726B88 /* NetFlix.app */;
			productType = "com.apple.product-type.application";
		};
/* End PBXNativeTarget section */

/* Begin PBXProject section */
		E11BB04A29EA6B3C00726B88 /* Project object */ = {
			isa = PBXProject;
			attributes = {
				BuildIndependentTargetsInParallel = 1;
				LastSwiftUpdateCheck = 1400;
				LastUpgradeCheck = 1400;
				TargetAttributes = {
					E11BB05129EA6B3C00726B88 = {
						CreatedOnToolsVersion = 14.0.1;
					};
				};
			};
			buildConfigurationList = E11BB04D29EA6B3C00726B88 /* Build configuration list for PBXProject "NetFlix" */;
			compatibilityVersion = "Xcode 14.0";
			developmentRegion = en;
			hasScannedForEncodings = 0;
			knownRegions = (
				en,
				Base,
			);
			mainGroup = E11BB04929EA6B3C00726B88;
			packageReferences = (
				E1D9830529FE8D8C00CBBA64 /* XCRemoteSwiftPackageReference "SDWebImage" */,
			);
			productRefGroup = E11BB05329EA6B3C00726B88 /* Products */;
			projectDirPath = "";
			projectRoot = "";
			targets = (
				E11BB05129EA6B3C00726B88 /* NetFlix */,
			);
		};
/* End PBXProject section */

/* Begin PBXResourcesBuildPhase section */
		E11BB05029EA6B3C00726B88 /* Resources */ = {
			isa = PBXResourcesBuildPhase;
			buildActionMask = 2147483647;
			files = (
				E11BB06229EA6B4000726B88 /* LaunchScreen.storyboard in Resources */,
				E11BB05F29EA6B4000726B88 /* Assets.xcassets in Resources */,
			);
			runOnlyForDeploymentPostprocessing = 0;
		};
/* End PBXResourcesBuildPhase section */

/* Begin PBXSourcesBuildPhase section */
		E11BB04E29EA6B3C00726B88 /* Sources */ = {
			isa = PBXSourcesBuildPhase;
			buildActionMask = 2147483647;
			files = (
				E1D9830B2A021AA900CBBA64 /* TitleTableViewCell.swift in Sources */,
				E11BB06F29EA701600726B88 /* SearchViewController.swift in Sources */,
				E1E24D3329F041CD00740BE6 /* TitleCollectionViewCell.swift in Sources */,
				E1D983412A0CABD000CBBA64 /* DataPersistenceManager.swift in Sources */,
				E11BB05A29EA6B3C00726B88 /* MainTabBarViewController.swift in Sources */,
				E1219EF829EAA31E00165944 /* CollectionViewTableViewCell.swift in Sources */,
				E1E24D2E29F03C0800740BE6 /* Extension.swift in Sources */,
				E15DDF9629EECFD500A6D0A1 /* HeroHeaderUIView.swift in Sources */,
				E11BB07129EA702500726B88 /* DownloadsViewController.swift in Sources */,
				E1D9833C2A0CA99B00CBBA64 /* AppDelegate.swift in Sources */,
				E11BB06D29EA6FF000726B88 /* UpComingViewController.swift in Sources */,
				E11BB05829EA6B3C00726B88 /* SceneDelegate.swift in Sources */,
				E1D983132A0C811F00CBBA64 /* YoutubeSearchResponse.swift in Sources */,
				E11BB06B29EA6FA000726B88 /* HomeViewController.swift in Sources */,
				E1D983172A0C8E3700CBBA64 /* TitlePreviewViewModel.swift in Sources */,
				E1D9833F2A0CAA4600CBBA64 /* NetflixCloneModel.xcdatamodeld in Sources */,
				E1D9830F2A093E1200CBBA64 /* SearchResultsViewController.swift in Sources */,
				E1D983152A0C875700CBBA64 /* TitlePreviewViewController.swift in Sources */,
				E1E24D2C29F033C700740BE6 /* Title.swift in Sources */,
				E1E24D2A29F030A800740BE6 /* ApiCaller.swift in Sources */,
				E1D9830D2A02211300CBBA64 /* TitleViewModel.swift in Sources */,
			);
			runOnlyForDeploymentPostprocessing = 0;
		};
/* End PBXSourcesBuildPhase section */

/* Begin PBXVariantGroup section */
		E11BB06029EA6B4000726B88 /* LaunchScreen.storyboard */ = {
			isa = PBXVariantGroup;
			children = (
				E11BB06129EA6B4000726B88 /* Base */,
			);
			name = LaunchScreen.storyboard;
			sourceTree = "<group>";
		};
/* End PBXVariantGroup section */

/* Begin XCBuildConfiguration section */
		E11BB06429EA6B4000726B88 /* Debug */ = {
			isa = XCBuildConfiguration;
			buildSettings = {
				ALWAYS_SEARCH_USER_PATHS = NO;
				CLANG_ANALYZER_NONNULL = YES;
				CLANG_ANALYZER_NUMBER_OBJECT_CONVERSION = YES_AGGRESSIVE;
				CLANG_CXX_LANGUAGE_STANDARD = "gnu++20";
				CLANG_ENABLE_MODULES = YES;
				CLANG_ENABLE_OBJC_ARC = YES;
				CLANG_ENABLE_OBJC_WEAK = YES;
				CLANG_WARN_BLOCK_CAPTURE_AUTORELEASING = YES;
				CLANG_WARN_BOOL_CONVERSION = YES;
				CLANG_WARN_COMMA = YES;
				CLANG_WARN_CONSTANT_CONVERSION = YES;
				CLANG_WARN_DEPRECATED_OBJC_IMPLEMENTATIONS = YES;
				CLANG_WARN_DIRECT_OBJC_ISA_USAGE = YES_ERROR;
				CLANG_WARN_DOCUMENTATION_COMMENTS = YES;
				CLANG_WARN_EMPTY_BODY = YES;
				CLANG_WARN_ENUM_CONVERSION = YES;
				CLANG_WARN_INFINITE_RECURSION = YES;
				CLANG_WARN_INT_CONVERSION = YES;
				CLANG_WARN_NON_LITERAL_NULL_CONVERSION = YES;
				CLANG_WARN_OBJC_IMPLICIT_RETAIN_SELF = YES;
				CLANG_WARN_OBJC_LITERAL_CONVERSION = YES;
				CLANG_WARN_OBJC_ROOT_CLASS = YES_ERROR;
				CLANG_WARN_QUOTED_INCLUDE_IN_FRAMEWORK_HEADER = YES;
				CLANG_WARN_RANGE_LOOP_ANALYSIS = YES;
				CLANG_WARN_STRICT_PROTOTYPES = YES;
				CLANG_WARN_SUSPICIOUS_MOVE = YES;
				CLANG_WARN_UNGUARDED_AVAILABILITY = YES_AGGRESSIVE;
				CLANG_WARN_UNREACHABLE_CODE = YES;
				CLANG_WARN__DUPLICATE_METHOD_MATCH = YES;
				COPY_PHASE_STRIP = NO;
				DEBUG_INFORMATION_FORMAT = dwarf;
				ENABLE_STRICT_OBJC_MSGSEND = YES;
				ENABLE_TESTABILITY = YES;
				GCC_C_LANGUAGE_STANDARD = gnu11;
				GCC_DYNAMIC_NO_PIC = NO;
				GCC_NO_COMMON_BLOCKS = YES;
				GCC_OPTIMIZATION_LEVEL = 0;
				GCC_PREPROCESSOR_DEFINITIONS = (
					"DEBUG=1",
					"$(inherited)",
				);
				GCC_WARN_64_TO_32_BIT_CONVERSION = YES;
				GCC_WARN_ABOUT_RETURN_TYPE = YES_ERROR;
				GCC_WARN_UNDECLARED_SELECTOR = YES;
				GCC_WARN_UNINITIALIZED_AUTOS = YES_AGGRESSIVE;
				GCC_WARN_UNUSED_FUNCTION = YES;
				GCC_WARN_UNUSED_VARIABLE = YES;
				IPHONEOS_DEPLOYMENT_TARGET = 16.0;
				MTL_ENABLE_DEBUG_INFO = INCLUDE_SOURCE;
				MTL_FAST_MATH = YES;
				ONLY_ACTIVE_ARCH = YES;
				SDKROOT = iphoneos;
				SWIFT_ACTIVE_COMPILATION_CONDITIONS = DEBUG;
				SWIFT_OPTIMIZATION_LEVEL = "-Onone";
			};
			name = Debug;
		};
		E11BB06529EA6B4000726B88 /* Release */ = {
			isa = XCBuildConfiguration;
			buildSettings = {
				ALWAYS_SEARCH_USER_PATHS = NO;
				CLANG_ANALYZER_NONNULL = YES;
				CLANG_ANALYZER_NUMBER_OBJECT_CONVERSION = YES_AGGRESSIVE;
				CLANG_CXX_LANGUAGE_STANDARD = "gnu++20";
				CLANG_ENABLE_MODULES = YES;
				CLANG_ENABLE_OBJC_ARC = YES;
				CLANG_ENABLE_OBJC_WEAK = YES;
				CLANG_WARN_BLOCK_CAPTURE_AUTORELEASING = YES;
				CLANG_WARN_BOOL_CONVERSION = YES;
				CLANG_WARN_COMMA = YES;
				CLANG_WARN_CONSTANT_CONVERSION = YES;
				CLANG_WARN_DEPRECATED_OBJC_IMPLEMENTATIONS = YES;
				CLANG_WARN_DIRECT_OBJC_ISA_USAGE = YES_ERROR;
				CLANG_WARN_DOCUMENTATION_COMMENTS = YES;
				CLANG_WARN_EMPTY_BODY = YES;
				CLANG_WARN_ENUM_CONVERSION = YES;
				CLANG_WARN_INFINITE_RECURSION = YES;
				CLANG_WARN_INT_CONVERSION = YES;
				CLANG_WARN_NON_LITERAL_NULL_CONVERSION = YES;
				CLANG_WARN_OBJC_IMPLICIT_RETAIN_SELF = YES;
				CLANG_WARN_OBJC_LITERAL_CONVERSION = YES;
				CLANG_WARN_OBJC_ROOT_CLASS = YES_ERROR;
				CLANG_WARN_QUOTED_INCLUDE_IN_FRAMEWORK_HEADER = YES;
				CLANG_WARN_RANGE_LOOP_ANALYSIS = YES;
				CLANG_WARN_STRICT_PROTOTYPES = YES;
				CLANG_WARN_SUSPICIOUS_MOVE = YES;
				CLANG_WARN_UNGUARDED_AVAILABILITY = YES_AGGRESSIVE;
				CLANG_WARN_UNREACHABLE_CODE = YES;
				CLANG_WARN__DUPLICATE_METHOD_MATCH = YES;
				COPY_PHASE_STRIP = NO;
				DEBUG_INFORMATION_FORMAT = "dwarf-with-dsym";
				ENABLE_NS_ASSERTIONS = NO;
				ENABLE_STRICT_OBJC_MSGSEND = YES;
				GCC_C_LANGUAGE_STANDARD = gnu11;
				GCC_NO_COMMON_BLOCKS = YES;
				GCC_WARN_64_TO_32_BIT_CONVERSION = YES;
				GCC_WARN_ABOUT_RETURN_TYPE = YES_ERROR;
				GCC_WARN_UNDECLARED_SELECTOR = YES;
				GCC_WARN_UNINITIALIZED_AUTOS = YES_AGGRESSIVE;
				GCC_WARN_UNUSED_FUNCTION = YES;
				GCC_WARN_UNUSED_VARIABLE = YES;
				IPHONEOS_DEPLOYMENT_TARGET = 16.0;
				MTL_ENABLE_DEBUG_INFO = NO;
				MTL_FAST_MATH = YES;
				SDKROOT = iphoneos;
				SWIFT_COMPILATION_MODE = wholemodule;
				SWIFT_OPTIMIZATION_LEVEL = "-O";
				VALIDATE_PRODUCT = YES;
			};
			name = Release;
		};
		E11BB06729EA6B4000726B88 /* Debug */ = {
			isa = XCBuildConfiguration;
			buildSettings = {
				ASSETCATALOG_COMPILER_APPICON_NAME = AppIcon;
				ASSETCATALOG_COMPILER_GLOBAL_ACCENT_COLOR_NAME = AccentColor;
				CODE_SIGN_STYLE = Automatic;
				CURRENT_PROJECT_VERSION = 1;
				GENERATE_INFOPLIST_FILE = YES;
				INFOPLIST_FILE = NetFlix/Info.plist;
				INFOPLIST_KEY_UIApplicationSupportsIndirectInputEvents = YES;
				INFOPLIST_KEY_UILaunchStoryboardName = LaunchScreen;
				INFOPLIST_KEY_UISupportedInterfaceOrientations_iPad = "UIInterfaceOrientationPortrait UIInterfaceOrientationPortraitUpsideDown UIInterfaceOrientationLandscapeLeft UIInterfaceOrientationLandscapeRight";
				INFOPLIST_KEY_UISupportedInterfaceOrientations_iPhone = "UIInterfaceOrientationPortrait UIInterfaceOrientationLandscapeLeft UIInterfaceOrientationLandscapeRight";
				LD_RUNPATH_SEARCH_PATHS = (
					"$(inherited)",
					"@executable_path/Frameworks",
				);
				MARKETING_VERSION = 1.0;
				PRODUCT_BUNDLE_IDENTIFIER = com.swiftTutorial.NetFlix;
				PRODUCT_NAME = "$(TARGET_NAME)";
				SWIFT_EMIT_LOC_STRINGS = YES;
				SWIFT_VERSION = 5.0;
				TARGETED_DEVICE_FAMILY = "1,2";
			};
			name = Debug;
		};
		E11BB06829EA6B4000726B88 /* Release */ = {
			isa = XCBuildConfiguration;
			buildSettings = {
				ASSETCATALOG_COMPILER_APPICON_NAME = AppIcon;
				ASSETCATALOG_COMPILER_GLOBAL_ACCENT_COLOR_NAME = AccentColor;
				CODE_SIGN_STYLE = Automatic;
				CURRENT_PROJECT_VERSION = 1;
				GENERATE_INFOPLIST_FILE = YES;
				INFOPLIST_FILE = NetFlix/Info.plist;
				INFOPLIST_KEY_UIApplicationSupportsIndirectInputEvents = YES;
				INFOPLIST_KEY_UILaunchStoryboardName = LaunchScreen;
				INFOPLIST_KEY_UISupportedInterfaceOrientations_iPad = "UIInterfaceOrientationPortrait UIInterfaceOrientationPortraitUpsideDown UIInterfaceOrientationLandscapeLeft UIInterfaceOrientationLandscapeRight";
				INFOPLIST_KEY_UISupportedInterfaceOrientations_iPhone = "UIInterfaceOrientationPortrait UIInterfaceOrientationLandscapeLeft UIInterfaceOrientationLandscapeRight";
				LD_RUNPATH_SEARCH_PATHS = (
					"$(inherited)",
					"@executable_path/Frameworks",
				);
				MARKETING_VERSION = 1.0;
				PRODUCT_BUNDLE_IDENTIFIER = com.swiftTutorial.NetFlix;
				PRODUCT_NAME = "$(TARGET_NAME)";
				SWIFT_EMIT_LOC_STRINGS = YES;
				SWIFT_VERSION = 5.0;
				TARGETED_DEVICE_FAMILY = "1,2";
			};
			name = Release;
		};
/* End XCBuildConfiguration section */

/* Begin XCConfigurationList section */
		E11BB04D29EA6B3C00726B88 /* Build configuration list for PBXProject "NetFlix" */ = {
			isa = XCConfigurationList;
			buildConfigurations = (
				E11BB06429EA6B4000726B88 /* Debug */,
				E11BB06529EA6B4000726B88 /* Release */,
			);
			defaultConfigurationIsVisible = 0;
			defaultConfigurationName = Release;
		};
		E11BB06629EA6B4000726B88 /* Build configuration list for PBXNativeTarget "NetFlix" */ = {
			isa = XCConfigurationList;
			buildConfigurations = (
				E11BB06729EA6B4000726B88 /* Debug */,
				E11BB06829EA6B4000726B88 /* Release */,
			);
			defaultConfigurationIsVisible = 0;
			defaultConfigurationName = Release;
		};
/* End XCConfigurationList section */

/* Begin XCRemoteSwiftPackageReference section */
		E1D9830529FE8D8C00CBBA64 /* XCRemoteSwiftPackageReference "SDWebImage" */ = {
			isa = XCRemoteSwiftPackageReference;
			repositoryURL = "https://github.com/SDWebImage/SDWebImage.git";
			requirement = {
				branch = master;
				kind = branch;
			};
		};
/* End XCRemoteSwiftPackageReference section */

/* Begin XCSwiftPackageProductDependency section */
		E1D9830629FE8D8C00CBBA64 /* SDWebImage */ = {
			isa = XCSwiftPackageProductDependency;
			package = E1D9830529FE8D8C00CBBA64 /* XCRemoteSwiftPackageReference "SDWebImage" */;
			productName = SDWebImage;
		};
		E1D9830829FE8D8C00CBBA64 /* SDWebImageMapKit */ = {
			isa = XCSwiftPackageProductDependency;
			package = E1D9830529FE8D8C00CBBA64 /* XCRemoteSwiftPackageReference "SDWebImage" */;
			productName = SDWebImageMapKit;
		};
/* End XCSwiftPackageProductDependency section */

/* Begin XCVersionGroup section */
		E1D9833D2A0CAA4600CBBA64 /* NetflixCloneModel.xcdatamodeld */ = {
			isa = XCVersionGroup;
			children = (
				E1D9833E2A0CAA4600CBBA64 /* NetflixCloneModel.xcdatamodel */,
			);
			currentVersion = E1D9833E2A0CAA4600CBBA64 /* NetflixCloneModel.xcdatamodel */;
			path = NetflixCloneModel.xcdatamodeld;
			sourceTree = "<group>";
			versionGroupType = wrapper.xcdatamodel;
		};
/* End XCVersionGroup section */
	};
	rootObject = E11BB04A29EA6B3C00726B88 /* Project object */;
}
